
Microsoft Visual Studio Solution File, Format Version 12.00
# Visual Studio Version 16
VisualStudioVersion = 16.0.31019.35
MinimumVisualStudioVersion = 10.0.40219.1
Project("{FAE04EC0-301F-11D3-BF4B-00C04F79EFBC}") = "五子棋", "五子棋.csproj", "{020F3E7F-36FA-4455-A6C3-CE5648E64DBB}"
EndProject
Global
	GlobalSection(SolutionConfigurationPlatforms) = preSolution
		Debug|Any CPU = Debug|Any CPU
		Release|Any CPU = Release|Any CPU
	EndGlobalSection
	GlobalSection(ProjectConfigurationPlatforms) = postSolution
		{020F3E7F-36FA-4455-A6C3-CE5648E64DBB}.Debug|Any CPU.ActiveCfg = Debug|Any CPU
		{020F3E7F-36FA-4455-A6C3-CE5648E64DBB}.Debug|Any CPU.Build.0 = Debug|Any CPU
		{020F3E7F-36FA-4455-A6C3-CE5648E64DBB}.Release|Any CPU.ActiveCfg = Release|Any CPU
		{020F3E7F-36FA-4455-A6C3-CE5648E64DBB}.Release|Any CPU.Build.0 = Release|Any CPU
	EndGlobalSection
	GlobalSection(SolutionProperties) = preSolution
		HideSolutionNode = FALSE
	EndGlobalSection
	GlobalSection(ExtensibilityGlobals) = postSolution
		SolutionGuid = {EEA112ED-3B59-4923-9D36-A6EBF1B01B76}
	EndGlobalSection
EndGlobal
